
Microsoft Visual Studio Solution File, Format Version 12.00
# Visual Studio 15
VisualStudioVersion = 15.0.27703.2000
MinimumVisualStudioVersion = 10.0.40219.1
Project("{9A19103F-16F7-4668-BE54-9A1E7A4F7556}") = "FMS.BL", "FMS.BL\FMS.BL.csproj", "{349CF470-89B4-4459-9DF3-BAC4941D4814}"
EndProject
Project("{2150E333-8FDC-42A3-9474-1A3956D46DE8}") = "Tests", "Tests", "{3B11809D-D8F7-429D-887F-0E1195C1B739}"
EndProject
Project("{FAE04EC0-301F-11D3-BF4B-00C04F79EFBC}") = "FMS.BLTest", "FMS.BLTest\FMS.BLTest.csproj", "{15F36A52-75AB-4551-9137-9F4AF94D1D8F}"
EndProject
Project("{FAE04EC0-301F-11D3-BF4B-00C04F79EFBC}") = "FMS.DA", "FMS.DA\FMS.DA.csproj", "{80568F8D-1B65-45DB-854E-A8610014BEB0}"
EndProject
Global
	GlobalSection(SolutionConfigurationPlatforms) = preSolution
		Debug|Any CPU = Debug|Any CPU
		Release|Any CPU = Release|Any CPU
	EndGlobalSection
	GlobalSection(ProjectConfigurationPlatforms) = postSolution
		{349CF470-89B4-4459-9DF3-BAC4941D4814}.Debug|Any CPU.ActiveCfg = Debug|Any CPU
		{349CF470-89B4-4459-9DF3-BAC4941D4814}.Debug|Any CPU.Build.0 = Debug|Any CPU
		{349CF470-89B4-4459-9DF3-BAC4941D4814}.Release|Any CPU.ActiveCfg = Release|Any CPU
		{349CF470-89B4-4459-9DF3-BAC4941D4814}.Release|Any CPU.Build.0 = Release|Any CPU
		{15F36A52-75AB-4551-9137-9F4AF94D1D8F}.Debug|Any CPU.ActiveCfg = Debug|Any CPU
		{15F36A52-75AB-4551-9137-9F4AF94D1D8F}.Debug|Any CPU.Build.0 = Debug|Any CPU
		{15F36A52-75AB-4551-9137-9F4AF94D1D8F}.Release|Any CPU.ActiveCfg = Release|Any CPU
		{15F36A52-75AB-4551-9137-9F4AF94D1D8F}.Release|Any CPU.Build.0 = Release|Any CPU
		{80568F8D-1B65-45DB-854E-A8610014BEB0}.Debug|Any CPU.ActiveCfg = Debug|Any CPU
		{80568F8D-1B65-45DB-854E-A8610014BEB0}.Debug|Any CPU.Build.0 = Debug|Any CPU
		{80568F8D-1B65-45DB-854E-A8610014BEB0}.Release|Any CPU.ActiveCfg = Release|Any CPU
		{80568F8D-1B65-45DB-854E-A8610014BEB0}.Release|Any CPU.Build.0 = Release|Any CPU
	EndGlobalSection
	GlobalSection(SolutionProperties) = preSolution
		HideSolutionNode = FALSE
	EndGlobalSection
	GlobalSection(NestedProjects) = preSolution
		{15F36A52-75AB-4551-9137-9F4AF94D1D8F} = {3B11809D-D8F7-429D-887F-0E1195C1B739}
	EndGlobalSection
	GlobalSection(ExtensibilityGlobals) = postSolution
		SolutionGuid = {FB927084-646E-4CD7-8495-B28F4392D1FA}
	EndGlobalSection
EndGlobal
